
Microsoft Visual Studio Solution File, Format Version 12.00
# Visual Studio Version 16
VisualStudioVersion = 16.0.31205.134
MinimumVisualStudioVersion = 10.0.40219.1
Project("{FAE04EC0-301F-11D3-BF4B-00C04F79EFBC}") = "EX04-sequencial", "EX04-sequencial\EX04-sequencial.csproj", "{8A908383-91CB-4231-81CD-2ED2EEB2FAEE}"
EndProject
Global
	GlobalSection(SolutionConfigurationPlatforms) = preSolution
		Debug|Any CPU = Debug|Any CPU
		Release|Any CPU = Release|Any CPU
	EndGlobalSection
	GlobalSection(ProjectConfigurationPlatforms) = postSolution
		{8A908383-91CB-4231-81CD-2ED2EEB2FAEE}.Debug|Any CPU.ActiveCfg = Debug|Any CPU
		{8A908383-91CB-4231-81CD-2ED2EEB2FAEE}.Debug|Any CPU.Build.0 = Debug|Any CPU
		{8A908383-91CB-4231-81CD-2ED2EEB2FAEE}.Release|Any CPU.ActiveCfg = Release|Any CPU
		{8A908383-91CB-4231-81CD-2ED2EEB2FAEE}.Release|Any CPU.Build.0 = Release|Any CPU
	EndGlobalSection
	GlobalSection(SolutionProperties) = preSolution
		HideSolutionNode = FALSE
	EndGlobalSection
	GlobalSection(ExtensibilityGlobals) = postSolution
		SolutionGuid = {C25F1085-8A07-435C-B3E9-72051D13F11E}
	EndGlobalSection
EndGlobal
